
Microsoft Visual Studio Solution File, Format Version 12.00
# Visual Studio Version 17
VisualStudioVersion = 17.0.31903.59
MinimumVisualStudioVersion = 10.0.40219.1
Project("{FAE04EC0-301F-11D3-BF4B-00C04F79EFBC}") = "Fabricale.Extensions", "Fabricale.Extensions\Fabricale.Extensions.csproj", "{C0DC7F28-4ACE-46DE-B6A6-4990A71F80BD}"
EndProject
Project("{2150E333-8FDC-42A3-9474-1A3956D46DE8}") = "Solution Items", "Solution Items", "{8EC462FD-D22E-90A8-E5CE-7E832BA40C5D}"
	ProjectSection(SolutionItems) = preProject
		CHANGELOG.MD = CHANGELOG.MD
		..\LICENSE = ..\LICENSE
		..\README.md = ..\README.md
	EndProjectSection
EndProject
Project("{FAE04EC0-301F-11D3-BF4B-00C04F79EFBC}") = "Fabricale.Extensions.UnitTesting", "Fabricale.Extensions.UnitTesting\Fabricale.Extensions.UnitTesting.csproj", "{18DC5167-DCC5-4C71-89D0-DD321DCDC1D7}"
EndProject
Project("{FAE04EC0-301F-11D3-BF4B-00C04F79EFBC}") = "Fabricale.Extensions.Benchmarks", "Fabricale.Extensions.Benchmarks\Fabricale.Extensions.Benchmarks.csproj", "{22155246-2EC6-402B-8CAB-B1050D91BB4E}"
EndProject
Global
	GlobalSection(SolutionConfigurationPlatforms) = preSolution
		Debug|Any CPU = Debug|Any CPU
		Release|Any CPU = Release|Any CPU
	EndGlobalSection
	GlobalSection(ProjectConfigurationPlatforms) = postSolution
		{C0DC7F28-4ACE-46DE-B6A6-4990A71F80BD}.Debug|Any CPU.ActiveCfg = Debug|Any CPU
		{C0DC7F28-4ACE-46DE-B6A6-4990A71F80BD}.Debug|Any CPU.Build.0 = Debug|Any CPU
		{C0DC7F28-4ACE-46DE-B6A6-4990A71F80BD}.Release|Any CPU.ActiveCfg = Release|Any CPU
		{C0DC7F28-4ACE-46DE-B6A6-4990A71F80BD}.Release|Any CPU.Build.0 = Release|Any CPU
		{18DC5167-DCC5-4C71-89D0-DD321DCDC1D7}.Debug|Any CPU.ActiveCfg = Debug|Any CPU
		{18DC5167-DCC5-4C71-89D0-DD321DCDC1D7}.Debug|Any CPU.Build.0 = Debug|Any CPU
		{18DC5167-DCC5-4C71-89D0-DD321DCDC1D7}.Release|Any CPU.ActiveCfg = Release|Any CPU
		{18DC5167-DCC5-4C71-89D0-DD321DCDC1D7}.Release|Any CPU.Build.0 = Release|Any CPU
		{22155246-2EC6-402B-8CAB-B1050D91BB4E}.Debug|Any CPU.ActiveCfg = Debug|Any CPU
		{22155246-2EC6-402B-8CAB-B1050D91BB4E}.Debug|Any CPU.Build.0 = Debug|Any CPU
		{22155246-2EC6-402B-8CAB-B1050D91BB4E}.Release|Any CPU.ActiveCfg = Release|Any CPU
		{22155246-2EC6-402B-8CAB-B1050D91BB4E}.Release|Any CPU.Build.0 = Release|Any CPU
	EndGlobalSection
	GlobalSection(SolutionProperties) = preSolution
		HideSolutionNode = FALSE
	EndGlobalSection
	GlobalSection(ExtensibilityGlobals) = postSolution
		SolutionGuid = {4C93EC6E-4934-44D4-A497-279E8F03546B}
	EndGlobalSection
EndGlobal
